
Microsoft Visual Studio Solution File, Format Version 12.00
# Visual Studio Version 16
VisualStudioVersion = 16.0.29613.14
MinimumVisualStudioVersion = 10.0.40219.1
Project("{8BC9CEB8-8B4A-11D0-8D11-00A0C91BC942}") = "Project5 Digital Tube-Active Display", "Project5 Digital Tube-Active Display.vcxproj", "{E58DB917-FF43-4383-8C65-9AB57D13364F}"
EndProject
Global
	GlobalSection(SolutionConfigurationPlatforms) = preSolution
		Debug|x64 = Debug|x64
		Debug|x86 = Debug|x86
		Release|x64 = Release|x64
		Release|x86 = Release|x86
	EndGlobalSection
	GlobalSection(ProjectConfigurationPlatforms) = postSolution
		{E58DB917-FF43-4383-8C65-9AB57D13364F}.Debug|x64.ActiveCfg = Debug|x64
		{E58DB917-FF43-4383-8C65-9AB57D13364F}.Debug|x64.Build.0 = Debug|x64
		{E58DB917-FF43-4383-8C65-9AB57D13364F}.Debug|x86.ActiveCfg = Debug|Win32
		{E58DB917-FF43-4383-8C65-9AB57D13364F}.Debug|x86.Build.0 = Debug|Win32
		{E58DB917-FF43-4383-8C65-9AB57D13364F}.Release|x64.ActiveCfg = Release|x64
		{E58DB917-FF43-4383-8C65-9AB57D13364F}.Release|x64.Build.0 = Release|x64
		{E58DB917-FF43-4383-8C65-9AB57D13364F}.Release|x86.ActiveCfg = Release|Win32
		{E58DB917-FF43-4383-8C65-9AB57D13364F}.Release|x86.Build.0 = Release|Win32
	EndGlobalSection
	GlobalSection(SolutionProperties) = preSolution
		HideSolutionNode = FALSE
	EndGlobalSection
	GlobalSection(ExtensibilityGlobals) = postSolution
		SolutionGuid = {2C1A2967-59A1-47FA-A672-0A3AE6458A99}
	EndGlobalSection
EndGlobal
